
Microsoft Visual Studio Solution File, Format Version 12.00
# Visual Studio Version 16
VisualStudioVersion = 16.0.29926.136
MinimumVisualStudioVersion = 10.0.40219.1
Project("{FAE04EC0-301F-11D3-BF4B-00C04F79EFBC}") = "Chess", "Chess.csproj", "{B68C352D-8F19-49E3-B417-A23612CDEE3F}"
EndProject
Global
	GlobalSection(SolutionConfigurationPlatforms) = preSolution
		Debug|Any CPU = Debug|Any CPU
		Release|Any CPU = Release|Any CPU
	EndGlobalSection
	GlobalSection(ProjectConfigurationPlatforms) = postSolution
		{B68C352D-8F19-49E3-B417-A23612CDEE3F}.Debug|Any CPU.ActiveCfg = Debug|Any CPU
		{B68C352D-8F19-49E3-B417-A23612CDEE3F}.Debug|Any CPU.Build.0 = Debug|Any CPU
		{B68C352D-8F19-49E3-B417-A23612CDEE3F}.Release|Any CPU.ActiveCfg = Release|Any CPU
		{B68C352D-8F19-49E3-B417-A23612CDEE3F}.Release|Any CPU.Build.0 = Release|Any CPU
	EndGlobalSection
	GlobalSection(SolutionProperties) = preSolution
		HideSolutionNode = FALSE
	EndGlobalSection
	GlobalSection(ExtensibilityGlobals) = postSolution
		SolutionGuid = {CD7432B8-1732-455C-AEFD-0CD34B6EA30B}
	EndGlobalSection
EndGlobal
